
Microsoft Visual Studio Solution File, Format Version 12.00
# Visual Studio Version 17
VisualStudioVersion = 17.8.34316.72
MinimumVisualStudioVersion = 10.0.40219.1
Project("{FAE04EC0-301F-11D3-BF4B-00C04F79EFBC}") = "TibaEvaluationExercise", "TibaEvaluationExercise.csproj", "{ECBB9FB2-576A-429E-94A3-B9BF940AAB8D}"
EndProject
Global
	GlobalSection(SolutionConfigurationPlatforms) = preSolution
		Debug|Any CPU = Debug|Any CPU
		Release|Any CPU = Release|Any CPU
	EndGlobalSection
	GlobalSection(ProjectConfigurationPlatforms) = postSolution
		{ECBB9FB2-576A-429E-94A3-B9BF940AAB8D}.Debug|Any CPU.ActiveCfg = Debug|Any CPU
		{ECBB9FB2-576A-429E-94A3-B9BF940AAB8D}.Debug|Any CPU.Build.0 = Debug|Any CPU
		{ECBB9FB2-576A-429E-94A3-B9BF940AAB8D}.Release|Any CPU.ActiveCfg = Release|Any CPU
		{ECBB9FB2-576A-429E-94A3-B9BF940AAB8D}.Release|Any CPU.Build.0 = Release|Any CPU
	EndGlobalSection
	GlobalSection(SolutionProperties) = preSolution
		HideSolutionNode = FALSE
	EndGlobalSection
	GlobalSection(ExtensibilityGlobals) = postSolution
		SolutionGuid = {CB442521-EDA9-4F29-8A72-20FB4719E753}
	EndGlobalSection
EndGlobal
